
Microsoft Visual Studio Solution File, Format Version 12.00
# Visual Studio 2013
VisualStudioVersion = 12.0.30501.0
MinimumVisualStudioVersion = 10.0.40219.1
Project("{FAE04EC0-301F-11D3-BF4B-00C04F79EFBC}") = "Res_csharp", "Res_csharp\Res_csharp.csproj", "{97766EE5-647D-4320-BBB1-80AB725CEF3E}"
EndProject
Global
	GlobalSection(SolutionConfigurationPlatforms) = preSolution
		Debug|Any CPU = Debug|Any CPU
		Release|Any CPU = Release|Any CPU
	EndGlobalSection
	GlobalSection(ProjectConfigurationPlatforms) = postSolution
		{97766EE5-647D-4320-BBB1-80AB725CEF3E}.Debug|Any CPU.ActiveCfg = Debug|Any CPU
		{97766EE5-647D-4320-BBB1-80AB725CEF3E}.Debug|Any CPU.Build.0 = Debug|Any CPU
		{97766EE5-647D-4320-BBB1-80AB725CEF3E}.Release|Any CPU.ActiveCfg = Release|Any CPU
		{97766EE5-647D-4320-BBB1-80AB725CEF3E}.Release|Any CPU.Build.0 = Release|Any CPU
	EndGlobalSection
	GlobalSection(SolutionProperties) = preSolution
		HideSolutionNode = FALSE
	EndGlobalSection
EndGlobal
